{
  "version": 4,
  "terraform_version": "1.5.5",
  "serial": 8,
  "lineage": "b12ece22-0b98-3394-b34d-19f5c1f62ddb",
  "outputs": {
    "access_key_id": {
      "value": "AKIAYQCOMVVJMYKA2UZI",
      "type": "string"
    },
    "secret_access_key": {
      "value": "0FSYLSHazbKVkusaEOthJleskXDzc+53oRJRWSNc",
      "type": "string",
      "sensitive": true
    }
  },
  "resources": [
    {
      "mode": "managed",
      "type": "aws_iam_access_key",
      "name": "terraform-service-user-access-key",
      "provider": "provider[\"registry.terraform.io/hashicorp/aws\"]",
      "instances": [
        {
          "schema_version": 0,
          "attributes": {
            "create_date": "2023-08-17T09:31:26Z",
            "encrypted_secret": null,
            "encrypted_ses_smtp_password_v4": null,
            "id": "AKIAYQCOMVVJMYKA2UZI",
            "key_fingerprint": null,
            "pgp_key": null,
            "secret": "0FSYLSHazbKVkusaEOthJleskXDzc+53oRJRWSNc",
            "ses_smtp_password_v4": "BFMxVG+IQDqj2ME0qIQZ5KcI8+3LKo3m19Lzi9Fi6jWM",
            "status": "Active",
            "user": "terraform.iam.user"
          },
          "sensitive_attributes": [],
          "private": "bnVsbA==",
          "dependencies": [
            "aws_iam_user.terraform-service-user"
          ]
        }
      ]
    },
    {
      "mode": "managed",
      "type": "aws_iam_user",
      "name": "terraform-service-user",
      "provider": "provider[\"registry.terraform.io/hashicorp/aws\"]",
      "instances": [
        {
          "schema_version": 0,
          "attributes": {
            "arn": "arn:aws:iam::584279960914:user/terraform.iam.user",
            "force_destroy": false,
            "id": "terraform.iam.user",
            "name": "terraform.iam.user",
            "path": "/",
            "permissions_boundary": null,
            "tags": null,
            "tags_all": {},
            "unique_id": "AIDAYQCOMVVJH4FSRINHP"
          },
          "sensitive_attributes": [],
          "private": "bnVsbA=="
        }
      ]
    },
    {
      "mode": "managed",
      "type": "aws_iam_user_policy_attachment",
      "name": "ec2-access",
      "provider": "provider[\"registry.terraform.io/hashicorp/aws\"]",
      "instances": [
        {
          "schema_version": 0,
          "attributes": {
            "id": "terraform.iam.user-20230817093126193700000001",
            "policy_arn": "arn:aws:iam::aws:policy/AmazonEC2FullAccess",
            "user": "terraform.iam.user"
          },
          "sensitive_attributes": [],
          "private": "bnVsbA==",
          "dependencies": [
            "aws_iam_user.terraform-service-user"
          ]
        }
      ]
    },
    {
      "mode": "managed",
      "type": "aws_iam_user_policy_attachment",
      "name": "iam-access",
      "provider": "provider[\"registry.terraform.io/hashicorp/aws\"]",
      "instances": [
        {
          "schema_version": 0,
          "attributes": {
            "id": "terraform.iam.user-20230817093126568900000004",
            "policy_arn": "arn:aws:iam::aws:policy/IAMFullAccess",
            "user": "terraform.iam.user"
          },
          "sensitive_attributes": [],
          "private": "bnVsbA==",
          "dependencies": [
            "aws_iam_user.terraform-service-user"
          ]
        }
      ]
    },
    {
      "mode": "managed",
      "type": "aws_iam_user_policy_attachment",
      "name": "rds-access",
      "provider": "provider[\"registry.terraform.io/hashicorp/aws\"]",
      "instances": [
        {
          "schema_version": 0,
          "attributes": {
            "id": "terraform.iam.user-20230817093126603000000005",
            "policy_arn": "arn:aws:iam::aws:policy/AmazonRDSFullAccess",
            "user": "terraform.iam.user"
          },
          "sensitive_attributes": [],
          "private": "bnVsbA==",
          "dependencies": [
            "aws_iam_user.terraform-service-user"
          ]
        }
      ]
    },
    {
      "mode": "managed",
      "type": "aws_iam_user_policy_attachment",
      "name": "s3-access",
      "provider": "provider[\"registry.terraform.io/hashicorp/aws\"]",
      "instances": [
        {
          "schema_version": 0,
          "attributes": {
            "id": "terraform.iam.user-20230817093126376000000002",
            "policy_arn": "arn:aws:iam::aws:policy/AmazonS3FullAccess",
            "user": "terraform.iam.user"
          },
          "sensitive_attributes": [],
          "private": "bnVsbA==",
          "dependencies": [
            "aws_iam_user.terraform-service-user"
          ]
        }
      ]
    },
    {
      "mode": "managed",
      "type": "aws_iam_user_policy_attachment",
      "name": "secrets-access",
      "provider": "provider[\"registry.terraform.io/hashicorp/aws\"]",
      "instances": [
        {
          "schema_version": 0,
          "attributes": {
            "id": "terraform.iam.user-20230817093126562900000003",
            "policy_arn": "arn:aws:iam::aws:policy/SecretsManagerReadWrite",
            "user": "terraform.iam.user"
          },
          "sensitive_attributes": [],
          "private": "bnVsbA==",
          "dependencies": [
            "aws_iam_user.terraform-service-user"
          ]
        }
      ]
    }
  ],
  "check_results": null
}
